
Microsoft Visual Studio Solution File, Format Version 12.00
# Visual Studio 15
VisualStudioVersion = 15.0.28307.329
MinimumVisualStudioVersion = 10.0.40219.1
Project("{9A19103F-16F7-4668-BE54-9A1E7A4F7556}") = "TUI_SimulatorFlightCosts_AcceptanceTests", "TUI_SimulatorFlightCosts_AcceptanceTests\TUI_SimulatorFlightCosts_AcceptanceTests.csproj", "{2B54441B-E8A5-439F-9682-271819ADDE17}"
EndProject
Project("{2150E333-8FDC-42A3-9474-1A3956D46DE8}") = "Domain", "Domain", "{CEE2E6F5-C33D-4573-AD74-970462073B63}"
EndProject
Project("{2150E333-8FDC-42A3-9474-1A3956D46DE8}") = "Application", "Application", "{9196233E-3ECE-42BC-928C-A003FA76E266}"
EndProject
Project("{2150E333-8FDC-42A3-9474-1A3956D46DE8}") = "Infrastructure", "Infrastructure", "{C15C637B-4505-4DA7-AFB0-331196226EA1}"
EndProject
Project("{9A19103F-16F7-4668-BE54-9A1E7A4F7556}") = "TUI.SimulatorFlights.Domain", "Domain\TUI.SimulatorFlights.Domain\TUI.SimulatorFlights.Domain.csproj", "{A5C23E5C-1B61-4EA7-989A-C830B517241B}"
EndProject
Project("{2150E333-8FDC-42A3-9474-1A3956D46DE8}") = "Presentation", "Presentation", "{CE75832B-6812-448D-ABD3-1279C87CB386}"
EndProject
Project("{9A19103F-16F7-4668-BE54-9A1E7A4F7556}") = "TUI.SimulatorFlights.Infrastructure", "Infrastructure\TUI.SimulatorFlights.Infrastructure\TUI.SimulatorFlights.Infrastructure.csproj", "{B232552B-E8FB-4024-B64C-A4185110D63B}"
EndProject
Project("{2150E333-8FDC-42A3-9474-1A3956D46DE8}") = "Tests", "Tests", "{98AAF169-ED56-4435-95FC-2B1BC83638DC}"
EndProject
Project("{9A19103F-16F7-4668-BE54-9A1E7A4F7556}") = "TUI_SimulatorFlights.Domain.Tests", "Domain\Tests\TUI_SimulatorFlightsDomainTests\TUI_SimulatorFlights.Domain.Tests.csproj", "{4E03E53A-AE34-47B2-82AD-D5F1E2C92393}"
EndProject
Project("{9A19103F-16F7-4668-BE54-9A1E7A4F7556}") = "TUI.SimulatorFlights.InitDBSqlite", "Presentation\TUI.SimulatorFlights.InitDBSqlite\TUI.SimulatorFlights.InitDBSqlite.csproj", "{4FB1B011-3EE1-4337-A364-ED517D35E211}"
EndProject
Project("{2150E333-8FDC-42A3-9474-1A3956D46DE8}") = "Sqlite", "Sqlite", "{2446F9AE-D925-4CE0-978B-14C6183BD44C}"
	ProjectSection(SolutionItems) = preProject
		Sqlite\TUI.SimulatorFlights.sqlite = Sqlite\TUI.SimulatorFlights.sqlite
	EndProjectSection
EndProject
Project("{9A19103F-16F7-4668-BE54-9A1E7A4F7556}") = "TUI_SimulatorFlightCosts.Application", "Application\TUI_SimulatorFlightCosts.Application\TUI_SimulatorFlightCosts.Application.csproj", "{10D2F285-6D24-45AB-AAF4-9801122B8ACC}"
EndProject
Project("{9A19103F-16F7-4668-BE54-9A1E7A4F7556}") = "TUI_SimulatorFlightCosts.Web", "Presentation\TUI_SimulatorFlightCosts.Web\TUI_SimulatorFlightCosts.Web.csproj", "{E1DA201D-6381-4AF0-80F5-BCACB709D901}"
EndProject
Project("{9A19103F-16F7-4668-BE54-9A1E7A4F7556}") = "TUI_GeoCoordinateTests", "Domain\Tests\TUI_GeoCoordinateTests\TUI_GeoCoordinateTests.csproj", "{E5DCFBE0-9773-4F95-8A2C-581BBA100DF5}"
EndProject
Project("{2150E333-8FDC-42A3-9474-1A3956D46DE8}") = "Tests", "Tests", "{8AA07915-7C2C-4852-8A60-BC695625BDBA}"
EndProject
Project("{FAE04EC0-301F-11D3-BF4B-00C04F79EFBC}") = "TUI_SimulatorFlightCosts.App.Tests", "Application\Tests\TUI_SimulatorFlightCosts.App.Tests\TUI_SimulatorFlightCosts.App.Tests.csproj", "{54381C92-D8A5-4637-8E10-E39FD9A58D96}"
EndProject
Global
	GlobalSection(SolutionConfigurationPlatforms) = preSolution
		Debug|Any CPU = Debug|Any CPU
		Release|Any CPU = Release|Any CPU
	EndGlobalSection
	GlobalSection(ProjectConfigurationPlatforms) = postSolution
		{2B54441B-E8A5-439F-9682-271819ADDE17}.Debug|Any CPU.ActiveCfg = Debug|Any CPU
		{2B54441B-E8A5-439F-9682-271819ADDE17}.Debug|Any CPU.Build.0 = Debug|Any CPU
		{2B54441B-E8A5-439F-9682-271819ADDE17}.Release|Any CPU.ActiveCfg = Release|Any CPU
		{2B54441B-E8A5-439F-9682-271819ADDE17}.Release|Any CPU.Build.0 = Release|Any CPU
		{A5C23E5C-1B61-4EA7-989A-C830B517241B}.Debug|Any CPU.ActiveCfg = Debug|Any CPU
		{A5C23E5C-1B61-4EA7-989A-C830B517241B}.Debug|Any CPU.Build.0 = Debug|Any CPU
		{A5C23E5C-1B61-4EA7-989A-C830B517241B}.Release|Any CPU.ActiveCfg = Release|Any CPU
		{A5C23E5C-1B61-4EA7-989A-C830B517241B}.Release|Any CPU.Build.0 = Release|Any CPU
		{B232552B-E8FB-4024-B64C-A4185110D63B}.Debug|Any CPU.ActiveCfg = Debug|Any CPU
		{B232552B-E8FB-4024-B64C-A4185110D63B}.Debug|Any CPU.Build.0 = Debug|Any CPU
		{B232552B-E8FB-4024-B64C-A4185110D63B}.Release|Any CPU.ActiveCfg = Release|Any CPU
		{B232552B-E8FB-4024-B64C-A4185110D63B}.Release|Any CPU.Build.0 = Release|Any CPU
		{4E03E53A-AE34-47B2-82AD-D5F1E2C92393}.Debug|Any CPU.ActiveCfg = Debug|Any CPU
		{4E03E53A-AE34-47B2-82AD-D5F1E2C92393}.Debug|Any CPU.Build.0 = Debug|Any CPU
		{4E03E53A-AE34-47B2-82AD-D5F1E2C92393}.Release|Any CPU.ActiveCfg = Release|Any CPU
		{4E03E53A-AE34-47B2-82AD-D5F1E2C92393}.Release|Any CPU.Build.0 = Release|Any CPU
		{4FB1B011-3EE1-4337-A364-ED517D35E211}.Debug|Any CPU.ActiveCfg = Debug|Any CPU
		{4FB1B011-3EE1-4337-A364-ED517D35E211}.Debug|Any CPU.Build.0 = Debug|Any CPU
		{4FB1B011-3EE1-4337-A364-ED517D35E211}.Release|Any CPU.ActiveCfg = Release|Any CPU
		{4FB1B011-3EE1-4337-A364-ED517D35E211}.Release|Any CPU.Build.0 = Release|Any CPU
		{10D2F285-6D24-45AB-AAF4-9801122B8ACC}.Debug|Any CPU.ActiveCfg = Debug|Any CPU
		{10D2F285-6D24-45AB-AAF4-9801122B8ACC}.Debug|Any CPU.Build.0 = Debug|Any CPU
		{10D2F285-6D24-45AB-AAF4-9801122B8ACC}.Release|Any CPU.ActiveCfg = Release|Any CPU
		{10D2F285-6D24-45AB-AAF4-9801122B8ACC}.Release|Any CPU.Build.0 = Release|Any CPU
		{E1DA201D-6381-4AF0-80F5-BCACB709D901}.Debug|Any CPU.ActiveCfg = Debug|Any CPU
		{E1DA201D-6381-4AF0-80F5-BCACB709D901}.Debug|Any CPU.Build.0 = Debug|Any CPU
		{E1DA201D-6381-4AF0-80F5-BCACB709D901}.Release|Any CPU.ActiveCfg = Release|Any CPU
		{E1DA201D-6381-4AF0-80F5-BCACB709D901}.Release|Any CPU.Build.0 = Release|Any CPU
		{E5DCFBE0-9773-4F95-8A2C-581BBA100DF5}.Debug|Any CPU.ActiveCfg = Debug|Any CPU
		{E5DCFBE0-9773-4F95-8A2C-581BBA100DF5}.Debug|Any CPU.Build.0 = Debug|Any CPU
		{E5DCFBE0-9773-4F95-8A2C-581BBA100DF5}.Release|Any CPU.ActiveCfg = Release|Any CPU
		{E5DCFBE0-9773-4F95-8A2C-581BBA100DF5}.Release|Any CPU.Build.0 = Release|Any CPU
		{54381C92-D8A5-4637-8E10-E39FD9A58D96}.Debug|Any CPU.ActiveCfg = Debug|Any CPU
		{54381C92-D8A5-4637-8E10-E39FD9A58D96}.Debug|Any CPU.Build.0 = Debug|Any CPU
		{54381C92-D8A5-4637-8E10-E39FD9A58D96}.Release|Any CPU.ActiveCfg = Release|Any CPU
		{54381C92-D8A5-4637-8E10-E39FD9A58D96}.Release|Any CPU.Build.0 = Release|Any CPU
	EndGlobalSection
	GlobalSection(SolutionProperties) = preSolution
		HideSolutionNode = FALSE
	EndGlobalSection
	GlobalSection(NestedProjects) = preSolution
		{A5C23E5C-1B61-4EA7-989A-C830B517241B} = {CEE2E6F5-C33D-4573-AD74-970462073B63}
		{B232552B-E8FB-4024-B64C-A4185110D63B} = {C15C637B-4505-4DA7-AFB0-331196226EA1}
		{98AAF169-ED56-4435-95FC-2B1BC83638DC} = {CEE2E6F5-C33D-4573-AD74-970462073B63}
		{4E03E53A-AE34-47B2-82AD-D5F1E2C92393} = {98AAF169-ED56-4435-95FC-2B1BC83638DC}
		{4FB1B011-3EE1-4337-A364-ED517D35E211} = {CE75832B-6812-448D-ABD3-1279C87CB386}
		{10D2F285-6D24-45AB-AAF4-9801122B8ACC} = {9196233E-3ECE-42BC-928C-A003FA76E266}
		{E1DA201D-6381-4AF0-80F5-BCACB709D901} = {CE75832B-6812-448D-ABD3-1279C87CB386}
		{E5DCFBE0-9773-4F95-8A2C-581BBA100DF5} = {98AAF169-ED56-4435-95FC-2B1BC83638DC}
		{8AA07915-7C2C-4852-8A60-BC695625BDBA} = {9196233E-3ECE-42BC-928C-A003FA76E266}
		{54381C92-D8A5-4637-8E10-E39FD9A58D96} = {8AA07915-7C2C-4852-8A60-BC695625BDBA}
	EndGlobalSection
	GlobalSection(ExtensibilityGlobals) = postSolution
		SolutionGuid = {1B8BB358-FCE1-4371-9811-FEB24B16B15F}
	EndGlobalSection
EndGlobal
